
Microsoft Visual Studio Solution File, Format Version 12.00
# Visual Studio Version 16
VisualStudioVersion = 16.0.29926.136
MinimumVisualStudioVersion = 10.0.40219.1
Project("{FAE04EC0-301F-11D3-BF4B-00C04F79EFBC}") = "docsort", "docsort\docsort.csproj", "{74F9CBCB-5304-4A31-B07C-9D1A01F3B750}"
EndProject
Project("{2150E333-8FDC-42A3-9474-1A3956D46DE8}") = "Solution Items", "Solution Items", "{465E8083-4591-4F78-9F59-EDF8AD28269B}"
	ProjectSection(SolutionItems) = preProject
		.gitignore = .gitignore
	EndProjectSection
EndProject
Global
	GlobalSection(SolutionConfigurationPlatforms) = preSolution
		Debug|Any CPU = Debug|Any CPU
		Release|Any CPU = Release|Any CPU
	EndGlobalSection
	GlobalSection(ProjectConfigurationPlatforms) = postSolution
		{74F9CBCB-5304-4A31-B07C-9D1A01F3B750}.Debug|Any CPU.ActiveCfg = Debug|Any CPU
		{74F9CBCB-5304-4A31-B07C-9D1A01F3B750}.Debug|Any CPU.Build.0 = Debug|Any CPU
		{74F9CBCB-5304-4A31-B07C-9D1A01F3B750}.Release|Any CPU.ActiveCfg = Release|Any CPU
		{74F9CBCB-5304-4A31-B07C-9D1A01F3B750}.Release|Any CPU.Build.0 = Release|Any CPU
	EndGlobalSection
	GlobalSection(SolutionProperties) = preSolution
		HideSolutionNode = FALSE
	EndGlobalSection
	GlobalSection(ExtensibilityGlobals) = postSolution
		SolutionGuid = {D1C04ED4-23AA-4096-B6AC-9E5E8C5B0B19}
	EndGlobalSection
EndGlobal
